// !$*UTF8*$!
{
	archiveVersion = 1;
	classes = {
	};
	objectVersion = 46;
	objects = {

/* Begin PBXBuildFile section */
		854087F91C3BB36B00492985 /* ClassifyTableViewCell.m in Sources */ = {isa = PBXBuildFile; fileRef = 854087F81C3BB36B00492985 /* ClassifyTableViewCell.m */; };
		855D52781C3B6A63007A440A /* AFHTTPRequestOperation.m in Sources */ = {isa = PBXBuildFile; fileRef = 855D51FE1C3B6A63007A440A /* AFHTTPRequestOperation.m */; };
		855D52791C3B6A63007A440A /* AFHTTPRequestOperationManager.m in Sources */ = {isa = PBXBuildFile; fileRef = 855D52001C3B6A63007A440A /* AFHTTPRequestOperationManager.m */; };
		855D527A1C3B6A63007A440A /* AFHTTPSessionManager.m in Sources */ = {isa = PBXBuildFile; fileRef = 855D52021C3B6A63007A440A /* AFHTTPSessionManager.m */; };
		855D527B1C3B6A63007A440A /* AFNetworkReachabilityManager.m in Sources */ = {isa = PBXBuildFile; fileRef = 855D52051C3B6A63007A440A /* AFNetworkReachabilityManager.m */; };
		855D527C1C3B6A63007A440A /* AFSecurityPolicy.m in Sources */ = {isa = PBXBuildFile; fileRef = 855D52071C3B6A63007A440A /* AFSecurityPolicy.m */; };
		855D527D1C3B6A63007A440A /* AFURLConnectionOperation.m in Sources */ = {isa = PBXBuildFile; fileRef = 855D52091C3B6A63007A440A /* AFURLConnectionOperation.m */; };
		855D527E1C3B6A63007A440A /* AFURLRequestSerialization.m in Sources */ = {isa = PBXBuildFile; fileRef = 855D520B1C3B6A63007A440A /* AFURLRequestSerialization.m */; };
		855D527F1C3B6A63007A440A /* AFURLResponseSerialization.m in Sources */ = {isa = PBXBuildFile; fileRef = 855D520D1C3B6A63007A440A /* AFURLResponseSerialization.m */; };
		855D52801C3B6A63007A440A /* AFURLSessionManager.m in Sources */ = {isa = PBXBuildFile; fileRef = 855D520F1C3B6A63007A440A /* AFURLSessionManager.m */; };
		855D52811C3B6A63007A440A /* UIImage+Color.m in Sources */ = {isa = PBXBuildFile; fileRef = 855D52121C3B6A63007A440A /* UIImage+Color.m */; };
		855D52821C3B6A63007A440A /* DJRefresh.bundle in Resources */ = {isa = PBXBuildFile; fileRef = 855D52141C3B6A63007A440A /* DJRefresh.bundle */; };
		855D52831C3B6A63007A440A /* DJRefresh.m in Sources */ = {isa = PBXBuildFile; fileRef = 855D52161C3B6A63007A440A /* DJRefresh.m */; };
		855D52841C3B6A63007A440A /* DJRefreshBottomView.m in Sources */ = {isa = PBXBuildFile; fileRef = 855D52191C3B6A63007A440A /* DJRefreshBottomView.m */; };
		855D52851C3B6A63007A440A /* DJRefreshTopView.m in Sources */ = {isa = PBXBuildFile; fileRef = 855D521C1C3B6A63007A440A /* DJRefreshTopView.m */; };
		855D52861C3B6A63007A440A /* DJRefreshView.m in Sources */ = {isa = PBXBuildFile; fileRef = 855D521E1C3B6A63007A440A /* DJRefreshView.m */; };
		855D52871C3B6A63007A440A /* LocationMgr.m in Sources */ = {isa = PBXBuildFile; fileRef = 855D52211C3B6A63007A440A /* LocationMgr.m */; };
		855D52881C3B6A63007A440A /* MASCompositeConstraint.m in Sources */ = {isa = PBXBuildFile; fileRef = 855D52241C3B6A63007A440A /* MASCompositeConstraint.m */; };
		855D52891C3B6A63007A440A /* MASConstraint.m in Sources */ = {isa = PBXBuildFile; fileRef = 855D52271C3B6A63007A440A /* MASConstraint.m */; };
		855D528A1C3B6A63007A440A /* MASConstraintMaker.m in Sources */ = {isa = PBXBuildFile; fileRef = 855D52291C3B6A63007A440A /* MASConstraintMaker.m */; };
		855D528B1C3B6A63007A440A /* MASLayoutConstraint.m in Sources */ = {isa = PBXBuildFile; fileRef = 855D522B1C3B6A63007A440A /* MASLayoutConstraint.m */; };
		855D528C1C3B6A63007A440A /* MASViewAttribute.m in Sources */ = {isa = PBXBuildFile; fileRef = 855D522F1C3B6A63007A440A /* MASViewAttribute.m */; };
		855D528D1C3B6A63007A440A /* MASViewConstraint.m in Sources */ = {isa = PBXBuildFile; fileRef = 855D52311C3B6A63007A440A /* MASViewConstraint.m */; };
		855D528E1C3B6A63007A440A /* NSArray+MASAdditions.m in Sources */ = {isa = PBXBuildFile; fileRef = 855D52331C3B6A63007A440A /* NSArray+MASAdditions.m */; };
		855D528F1C3B6A63007A440A /* NSLayoutConstraint+MASDebugAdditions.m in Sources */ = {isa = PBXBuildFile; fileRef = 855D52361C3B6A63007A440A /* NSLayoutConstraint+MASDebugAdditions.m */; };
		855D52901C3B6A63007A440A /* View+MASAdditions.m in Sources */ = {isa = PBXBuildFile; fileRef = 855D52381C3B6A63007A440A /* View+MASAdditions.m */; };
		855D52911C3B6A63007A440A /* MBProgressHUD.m in Sources */ = {isa = PBXBuildFile; fileRef = 855D523C1C3B6A63007A440A /* MBProgressHUD.m */; };
		855D52921C3B6A63007A440A /* PicBrower.m in Sources */ = {isa = PBXBuildFile; fileRef = 855D523F1C3B6A63007A440A /* PicBrower.m */; };
		855D52931C3B6A63007A440A /* MKAnnotationView+WebCache.m in Sources */ = {isa = PBXBuildFile; fileRef = 855D52421C3B6A63007A440A /* MKAnnotationView+WebCache.m */; };
		855D52941C3B6A63007A440A /* NSData+ImageContentType.m in Sources */ = {isa = PBXBuildFile; fileRef = 855D52441C3B6A63007A440A /* NSData+ImageContentType.m */; };
		855D52951C3B6A63007A440A /* SDImageCache.m in Sources */ = {isa = PBXBuildFile; fileRef = 855D52461C3B6A63007A440A /* SDImageCache.m */; };
		855D52961C3B6A63007A440A /* SDWebImageCompat.m in Sources */ = {isa = PBXBuildFile; fileRef = 855D52481C3B6A63007A440A /* SDWebImageCompat.m */; };
		855D52971C3B6A63007A440A /* SDWebImageDecoder.m in Sources */ = {isa = PBXBuildFile; fileRef = 855D524A1C3B6A63007A440A /* SDWebImageDecoder.m */; };
		855D52981C3B6A63007A440A /* SDWebImageDownloader.m in Sources */ = {isa = PBXBuildFile; fileRef = 855D524C1C3B6A63007A440A /* SDWebImageDownloader.m */; };
		855D52991C3B6A63007A440A /* SDWebImageDownloaderOperation.m in Sources */ = {isa = PBXBuildFile; fileRef = 855D524E1C3B6A63007A440A /* SDWebImageDownloaderOperation.m */; };
		855D529A1C3B6A63007A440A /* SDWebImageManager.m in Sources */ = {isa = PBXBuildFile; fileRef = 855D52501C3B6A63007A440A /* SDWebImageManager.m */; };
		855D529B1C3B6A63007A440A /* SDWebImagePrefetcher.m in Sources */ = {isa = PBXBuildFile; fileRef = 855D52531C3B6A63007A440A /* SDWebImagePrefetcher.m */; };
		855D529C1C3B6A63007A440A /* UIButton+WebCache.m in Sources */ = {isa = PBXBuildFile; fileRef = 855D52551C3B6A63007A440A /* UIButton+WebCache.m */; };
		855D529D1C3B6A63007A440A /* UIImage+GIF.m in Sources */ = {isa = PBXBuildFile; fileRef = 855D52571C3B6A63007A440A /* UIImage+GIF.m */; };
		855D529E1C3B6A63007A440A /* UIImage+MultiFormat.m in Sources */ = {isa = PBXBuildFile; fileRef = 855D52591C3B6A63007A440A /* UIImage+MultiFormat.m */; };
		855D529F1C3B6A63007A440A /* UIImage+WebP.m in Sources */ = {isa = PBXBuildFile; fileRef = 855D525B1C3B6A63007A440A /* UIImage+WebP.m */; };
		855D52A01C3B6A63007A440A /* UIImageView+HighlightedWebCache.m in Sources */ = {isa = PBXBuildFile; fileRef = 855D525D1C3B6A63007A440A /* UIImageView+HighlightedWebCache.m */; };
		855D52A11C3B6A63007A440A /* UIImageView+WebCache.m in Sources */ = {isa = PBXBuildFile; fileRef = 855D525F1C3B6A63007A440A /* UIImageView+WebCache.m */; };
		855D52A21C3B6A63007A440A /* UIView+WebCacheOperation.m in Sources */ = {isa = PBXBuildFile; fileRef = 855D52611C3B6A63007A440A /* UIView+WebCacheOperation.m */; };
		855D52A31C3B6A63007A440A /* AFNetworkActivityIndicatorManager.m in Sources */ = {isa = PBXBuildFile; fileRef = 855D52641C3B6A63007A440A /* AFNetworkActivityIndicatorManager.m */; };
		855D52A41C3B6A63007A440A /* UIActivityIndicatorView+AFNetworking.m in Sources */ = {isa = PBXBuildFile; fileRef = 855D52661C3B6A63007A440A /* UIActivityIndicatorView+AFNetworking.m */; };
		855D52A51C3B6A63007A440A /* UIAlertView+AFNetworking.m in Sources */ = {isa = PBXBuildFile; fileRef = 855D52681C3B6A63007A440A /* UIAlertView+AFNetworking.m */; };
		855D52A61C3B6A63007A440A /* UIButton+AFNetworking.m in Sources */ = {isa = PBXBuildFile; fileRef = 855D526A1C3B6A63007A440A /* UIButton+AFNetworking.m */; };
		855D52A71C3B6A63007A440A /* UIImageView+AFNetworking.m in Sources */ = {isa = PBXBuildFile; fileRef = 855D526D1C3B6A63007A440A /* UIImageView+AFNetworking.m */; };
		855D52A81C3B6A63007A440A /* UIProgressView+AFNetworking.m in Sources */ = {isa = PBXBuildFile; fileRef = 855D52701C3B6A63007A440A /* UIProgressView+AFNetworking.m */; };
		855D52A91C3B6A63007A440A /* UIRefreshControl+AFNetworking.m in Sources */ = {isa = PBXBuildFile; fileRef = 855D52721C3B6A63007A440A /* UIRefreshControl+AFNetworking.m */; };
		855D52AA1C3B6A63007A440A /* UIWebView+AFNetworking.m in Sources */ = {isa = PBXBuildFile; fileRef = 855D52741C3B6A63007A440A /* UIWebView+AFNetworking.m */; };
		855D52AB1C3B6A63007A440A /* UIScrollView+BottomRefreshControl.m in Sources */ = {isa = PBXBuildFile; fileRef = 855D52771C3B6A63007A440A /* UIScrollView+BottomRefreshControl.m */; };
		855D52AE1C3B80FF007A440A /* FindListeningListCell.m in Sources */ = {isa = PBXBuildFile; fileRef = 855D52AD1C3B80FF007A440A /* FindListeningListCell.m */; };
		961BB5661C390F59004D1805 /* main.m in Sources */ = {isa = PBXBuildFile; fileRef = 961BB5651C390F59004D1805 /* main.m */; };
		961BB5691C390F59004D1805 /* AppDelegate.m in Sources */ = {isa = PBXBuildFile; fileRef = 961BB5681C390F59004D1805 /* AppDelegate.m */; };
		961BB56C1C390F59004D1805 /* ViewController.m in Sources */ = {isa = PBXBuildFile; fileRef = 961BB56B1C390F59004D1805 /* ViewController.m */; };
		961BB56F1C390F59004D1805 /* Main.storyboard in Resources */ = {isa = PBXBuildFile; fileRef = 961BB56D1C390F59004D1805 /* Main.storyboard */; };
		961BB5711C390F59004D1805 /* Assets.xcassets in Resources */ = {isa = PBXBuildFile; fileRef = 961BB5701C390F59004D1805 /* Assets.xcassets */; };
		961BB5741C390F59004D1805 /* LaunchScreen.storyboard in Resources */ = {isa = PBXBuildFile; fileRef = 961BB5721C390F59004D1805 /* LaunchScreen.storyboard */; };
		961BB57F1C390F59004D1805 /* RedioProjectTests.m in Sources */ = {isa = PBXBuildFile; fileRef = 961BB57E1C390F59004D1805 /* RedioProjectTests.m */; };
		961BB58A1C390F59004D1805 /* RedioProjectUITests.m in Sources */ = {isa = PBXBuildFile; fileRef = 961BB5891C390F59004D1805 /* RedioProjectUITests.m */; };
		961BB5B01C391153004D1805 /* FindViewController.m in Sources */ = {isa = PBXBuildFile; fileRef = 961BB5AF1C391153004D1805 /* FindViewController.m */; };
		961BB5B61C391258004D1805 /* PlayViewController.m in Sources */ = {isa = PBXBuildFile; fileRef = 961BB5B51C391258004D1805 /* PlayViewController.m */; };
		961BB5B91C391266004D1805 /* DownloadViewController.m in Sources */ = {isa = PBXBuildFile; fileRef = 961BB5B81C391266004D1805 /* DownloadViewController.m */; };
		961BB5BC1C391277004D1805 /* LoginViewController.m in Sources */ = {isa = PBXBuildFile; fileRef = 961BB5BB1C391277004D1805 /* LoginViewController.m */; };
		961BB5BF1C3912BF004D1805 /* CustomViewController.m in Sources */ = {isa = PBXBuildFile; fileRef = 961BB5BE1C3912BF004D1805 /* CustomViewController.m */; };
		961C7BC21C3927A900A59D5F /* MoreTableViewCell.m in Sources */ = {isa = PBXBuildFile; fileRef = 961C7BC11C3927A900A59D5F /* MoreTableViewCell.m */; };
/* End PBXBuildFile section */

/* Begin PBXContainerItemProxy section */
		961BB57B1C390F59004D1805 /* PBXContainerItemProxy */ = {
			isa = PBXContainerItemProxy;
			containerPortal = 961BB5591C390F59004D1805 /* Project object */;
			proxyType = 1;
			remoteGlobalIDString = 961BB5601C390F59004D1805;
			remoteInfo = RedioProject;
		};
		961BB5861C390F59004D1805 /* PBXContainerItemProxy */ = {
			isa = PBXContainerItemProxy;
			containerPortal = 961BB5591C390F59004D1805 /* Project object */;
			proxyType = 1;
			remoteGlobalIDString = 961BB5601C390F59004D1805;
			remoteInfo = RedioProject;
		};
/* End PBXContainerItemProxy section */

/* Begin PBXFileReference section */
		854087F71C3BB36B00492985 /* ClassifyTableViewCell.h */ = {isa = PBXFileReference; fileEncoding = 4; lastKnownFileType = sourcecode.c.h; name = ClassifyTableViewCell.h; path = RedioProject/Find/Views/ClassifyTableViewCell.h; sourceTree = SOURCE_ROOT; };
		854087F81C3BB36B00492985 /* ClassifyTableViewCell.m */ = {isa = PBXFileReference; fileEncoding = 4; lastKnownFileType = sourcecode.c.objc; name = ClassifyTableViewCell.m; path = RedioProject/Find/Views/ClassifyTableViewCell.m; sourceTree = SOURCE_ROOT; };
		855D51FD1C3B6A63007A440A /* AFHTTPRequestOperation.h */ = {isa = PBXFileReference; fileEncoding = 4; lastKnownFileType = sourcecode.c.h; path = AFHTTPRequestOperation.h; sourceTree = "<group>"; };
		855D51FE1C3B6A63007A440A /* AFHTTPRequestOperation.m */ = {isa = PBXFileReference; fileEncoding = 4; lastKnownFileType = sourcecode.c.objc; path = AFHTTPRequestOperation.m; sourceTree = "<group>"; };
		855D51FF1C3B6A63007A440A /* AFHTTPRequestOperationManager.h */ = {isa = PBXFileReference; fileEncoding = 4; lastKnownFileType = sourcecode.c.h; path = AFHTTPRequestOperationManager.h; sourceTree = "<group>"; };
		855D52001C3B6A63007A440A /* AFHTTPRequestOperationManager.m */ = {isa = PBXFileReference; fileEncoding = 4; lastKnownFileType = sourcecode.c.objc; path = AFHTTPRequestOperationManager.m; sourceTree = "<group>"; };
		855D52011C3B6A63007A440A /* AFHTTPSessionManager.h */ = {isa = PBXFileReference; fileEncoding = 4; lastKnownFileType = sourcecode.c.h; path = AFHTTPSessionManager.h; sourceTree = "<group>"; };
		855D52021C3B6A63007A440A /* AFHTTPSessionManager.m */ = {isa = PBXFileReference; fileEncoding = 4; lastKnownFileType = sourcecode.c.objc; path = AFHTTPSessionManager.m; sourceTree = "<group>"; };
		855D52031C3B6A63007A440A /* AFNetworking.h */ = {isa = PBXFileReference; fileEncoding = 4; lastKnownFileType = sourcecode.c.h; path = AFNetworking.h; sourceTree = "<group>"; };
		855D52041C3B6A63007A440A /* AFNetworkReachabilityManager.h */ = {isa = PBXFileReference; fileEncoding = 4; lastKnownFileType = sourcecode.c.h; path = AFNetworkReachabilityManager.h; sourceTree = "<group>"; };
		855D52051C3B6A63007A440A /* AFNetworkReachabilityManager.m */ = {isa = PBXFileReference; fileEncoding = 4; lastKnownFileType = sourcecode.c.objc; path = AFNetworkReachabilityManager.m; sourceTree = "<group>"; };
		855D52061C3B6A63007A440A /* AFSecurityPolicy.h */ = {isa = PBXFileReference; fileEncoding = 4; lastKnownFileType = sourcecode.c.h; path = AFSecurityPolicy.h; sourceTree = "<group>"; };
		855D52071C3B6A63007A440A /* AFSecurityPolicy.m */ = {isa = PBXFileReference; fileEncoding = 4; lastKnownFileType = sourcecode.c.objc; path = AFSecurityPolicy.m; sourceTree = "<group>"; };
		855D52081C3B6A63007A440A /* AFURLConnectionOperation.h */ = {isa = PBXFileReference; fileEncoding = 4; lastKnownFileType = sourcecode.c.h; path = AFURLConnectionOperation.h; sourceTree = "<group>"; };
		855D52091C3B6A63007A440A /* AFURLConnectionOperation.m */ = {isa = PBXFileReference; fileEncoding = 4; lastKnownFileType = sourcecode.c.objc; path = AFURLConnectionOperation.m; sourceTree = "<group>"; };
		855D520A1C3B6A63007A440A /* AFURLRequestSerialization.h */ = {isa = PBXFileReference; fileEncoding = 4; lastKnownFileType = sourcecode.c.h; path = AFURLRequestSerialization.h; sourceTree = "<group>"; };
		855D520B1C3B6A63007A440A /* AFURLRequestSerialization.m */ = {isa = PBXFileReference; fileEncoding = 4; lastKnownFileType = sourcecode.c.objc; path = AFURLRequestSerialization.m; sourceTree = "<group>"; };
		855D520C1C3B6A63007A440A /* AFURLResponseSerialization.h */ = {isa = PBXFileReference; fileEncoding = 4; lastKnownFileType = sourcecode.c.h; path = AFURLResponseSerialization.h; sourceTree = "<group>"; };
		855D520D1C3B6A63007A440A /* AFURLResponseSerialization.m */ = {isa = PBXFileReference; fileEncoding = 4; lastKnownFileType = sourcecode.c.objc; path = AFURLResponseSerialization.m; sourceTree = "<group>"; };
		855D520E1C3B6A63007A440A /* AFURLSessionManager.h */ = {isa = PBXFileReference; fileEncoding = 4; lastKnownFileType = sourcecode.c.h; path = AFURLSessionManager.h; sourceTree = "<group>"; };
		855D520F1C3B6A63007A440A /* AFURLSessionManager.m */ = {isa = PBXFileReference; fileEncoding = 4; lastKnownFileType = sourcecode.c.objc; path = AFURLSessionManager.m; sourceTree = "<group>"; };
		855D52111C3B6A63007A440A /* UIImage+Color.h */ = {isa = PBXFileReference; fileEncoding = 4; lastKnownFileType = sourcecode.c.h; path = "UIImage+Color.h"; sourceTree = "<group>"; };
		855D52121C3B6A63007A440A /* UIImage+Color.m */ = {isa = PBXFileReference; fileEncoding = 4; lastKnownFileType = sourcecode.c.objc; path = "UIImage+Color.m"; sourceTree = "<group>"; };
		855D52141C3B6A63007A440A /* DJRefresh.bundle */ = {isa = PBXFileReference; lastKnownFileType = "wrapper.plug-in"; path = DJRefresh.bundle; sourceTree = "<group>"; };
		855D52151C3B6A63007A440A /* DJRefresh.h */ = {isa = PBXFileReference; fileEncoding = 4; lastKnownFileType = sourcecode.c.h; path = DJRefresh.h; sourceTree = "<group>"; };
		855D52161C3B6A63007A440A /* DJRefresh.m */ = {isa = PBXFileReference; fileEncoding = 4; lastKnownFileType = sourcecode.c.objc; path = DJRefresh.m; sourceTree = "<group>"; };
		855D52181C3B6A63007A440A /* DJRefreshBottomView.h */ = {isa = PBXFileReference; fileEncoding = 4; lastKnownFileType = sourcecode.c.h; path = DJRefreshBottomView.h; sourceTree = "<group>"; };
		855D52191C3B6A63007A440A /* DJRefreshBottomView.m */ = {isa = PBXFileReference; fileEncoding = 4; lastKnownFileType = sourcecode.c.objc; path = DJRefreshBottomView.m; sourceTree = "<group>"; };
		855D521A1C3B6A63007A440A /* DJRefreshMacro.h */ = {isa = PBXFileReference; fileEncoding = 4; lastKnownFileType = sourcecode.c.h; path = DJRefreshMacro.h; sourceTree = "<group>"; };
		855D521B1C3B6A63007A440A /* DJRefreshTopView.h */ = {isa = PBXFileReference; fileEncoding = 4; lastKnownFileType = sourcecode.c.h; path = DJRefreshTopView.h; sourceTree = "<group>"; };
		855D521C1C3B6A63007A440A /* DJRefreshTopView.m */ = {isa = PBXFileReference; fileEncoding = 4; lastKnownFileType = sourcecode.c.objc; path = DJRefreshTopView.m; sourceTree = "<group>"; };
		855D521D1C3B6A63007A440A /* DJRefreshView.h */ = {isa = PBXFileReference; fileEncoding = 4; lastKnownFileType = sourcecode.c.h; path = DJRefreshView.h; sourceTree = "<group>"; };
		855D521E1C3B6A63007A440A /* DJRefreshView.m */ = {isa = PBXFileReference; fileEncoding = 4; lastKnownFileType = sourcecode.c.objc; path = DJRefreshView.m; sourceTree = "<group>"; };
		855D52201C3B6A63007A440A /* LocationMgr.h */ = {isa = PBXFileReference; fileEncoding = 4; lastKnownFileType = sourcecode.c.h; path = LocationMgr.h; sourceTree = "<group>"; };
		855D52211C3B6A63007A440A /* LocationMgr.m */ = {isa = PBXFileReference; fileEncoding = 4; lastKnownFileType = sourcecode.c.objc; path = LocationMgr.m; sourceTree = "<group>"; };
		855D52231C3B6A63007A440A /* MASCompositeConstraint.h */ = {isa = PBXFileReference; fileEncoding = 4; lastKnownFileType = sourcecode.c.h; path = MASCompositeConstraint.h; sourceTree = "<group>"; };
		855D52241C3B6A63007A440A /* MASCompositeConstraint.m */ = {isa = PBXFileReference; fileEncoding = 4; lastKnownFileType = sourcecode.c.objc; path = MASCompositeConstraint.m; sourceTree = "<group>"; };
		855D52251C3B6A63007A440A /* MASConstraint+Private.h */ = {isa = PBXFileReference; fileEncoding = 4; lastKnownFileType = sourcecode.c.h; path = "MASConstraint+Private.h"; sourceTree = "<group>"; };
		855D52261C3B6A63007A440A /* MASConstraint.h */ = {isa = PBXFileReference; fileEncoding = 4; lastKnownFileType = sourcecode.c.h; path = MASConstraint.h; sourceTree = "<group>"; };
		855D52271C3B6A63007A440A /* MASConstraint.m */ = {isa = PBXFileReference; fileEncoding = 4; lastKnownFileType = sourcecode.c.objc; path = MASConstraint.m; sourceTree = "<group>"; };
		855D52281C3B6A63007A440A /* MASConstraintMaker.h */ = {isa = PBXFileReference; fileEncoding = 4; lastKnownFileType = sourcecode.c.h; path = MASConstraintMaker.h; sourceTree = "<group>"; };
		855D52291C3B6A63007A440A /* MASConstraintMaker.m */ = {isa = PBXFileReference; fileEncoding = 4; lastKnownFileType = sourcecode.c.objc; path = MASConstraintMaker.m; sourceTree = "<group>"; };
		855D522A1C3B6A63007A440A /* MASLayoutConstraint.h */ = {isa = PBXFileReference; fileEncoding = 4; lastKnownFileType = sourcecode.c.h; path = MASLayoutConstraint.h; sourceTree = "<group>"; };
		855D522B1C3B6A63007A440A /* MASLayoutConstraint.m */ = {isa = PBXFileReference; fileEncoding = 4; lastKnownFileType = sourcecode.c.objc; path = MASLayoutConstraint.m; sourceTree = "<group>"; };
		855D522C1C3B6A63007A440A /* Masonry.h */ = {isa = PBXFileReference; fileEncoding = 4; lastKnownFileType = sourcecode.c.h; path = Masonry.h; sourceTree = "<group>"; };
		855D522D1C3B6A63007A440A /* MASUtilities.h */ = {isa = PBXFileReference; fileEncoding = 4; lastKnownFileType = sourcecode.c.h; path = MASUtilities.h; sourceTree = "<group>"; };
		855D522E1C3B6A63007A440A /* MASViewAttribute.h */ = {isa = PBXFileReference; fileEncoding = 4; lastKnownFileType = sourcecode.c.h; path = MASViewAttribute.h; sourceTree = "<group>"; };
		855D522F1C3B6A63007A440A /* MASViewAttribute.m */ = {isa = PBXFileReference; fileEncoding = 4; lastKnownFileType = sourcecode.c.objc; path = MASViewAttribute.m; sourceTree = "<group>"; };
		855D52301C3B6A63007A440A /* MASViewConstraint.h */ = {isa = PBXFileReference; fileEncoding = 4; lastKnownFileType = sourcecode.c.h; path = MASViewConstraint.h; sourceTree = "<group>"; };
		855D52311C3B6A63007A440A /* MASViewConstraint.m */ = {isa = PBXFileReference; fileEncoding = 4; lastKnownFileType = sourcecode.c.objc; path = MASViewConstraint.m; sourceTree = "<group>"; };
		855D52321C3B6A63007A440A /* NSArray+MASAdditions.h */ = {isa = PBXFileReference; fileEncoding = 4; lastKnownFileType = sourcecode.c.h; path = "NSArray+MASAdditions.h"; sourceTree = "<group>"; };
		855D52331C3B6A63007A440A /* NSArray+MASAdditions.m */ = {isa = PBXFileReference; fileEncoding = 4; lastKnownFileType = sourcecode.c.objc; path = "NSArray+MASAdditions.m"; sourceTree = "<group>"; };
		855D52341C3B6A63007A440A /* NSArray+MASShorthandAdditions.h */ = {isa = PBXFileReference; fileEncoding = 4; lastKnownFileType = sourcecode.c.h; path = "NSArray+MASShorthandAdditions.h"; sourceTree = "<group>"; };
		855D52351C3B6A63007A440A /* NSLayoutConstraint+MASDebugAdditions.h */ = {isa = PBXFileReference; fileEncoding = 4; lastKnownFileType = sourcecode.c.h; path = "NSLayoutConstraint+MASDebugAdditions.h"; sourceTree = "<group>"; };
		855D52361C3B6A63007A440A /* NSLayoutConstraint+MASDebugAdditions.m */ = {isa = PBXFileReference; fileEncoding = 4; lastKnownFileType = sourcecode.c.objc; path = "NSLayoutConstraint+MASDebugAdditions.m"; sourceTree = "<group>"; };
		855D52371C3B6A63007A440A /* View+MASAdditions.h */ = {isa = PBXFileReference; fileEncoding = 4; lastKnownFileType = sourcecode.c.h; path = "View+MASAdditions.h"; sourceTree = "<group>"; };
		855D52381C3B6A63007A440A /* View+MASAdditions.m */ = {isa = PBXFileReference; fileEncoding = 4; lastKnownFileType = sourcecode.c.objc; path = "View+MASAdditions.m"; sourceTree = "<group>"; };
		855D52391C3B6A63007A440A /* View+MASShorthandAdditions.h */ = {isa = PBXFileReference; fileEncoding = 4; lastKnownFileType = sourcecode.c.h; path = "View+MASShorthandAdditions.h"; sourceTree = "<group>"; };
		855D523B1C3B6A63007A440A /* MBProgressHUD.h */ = {isa = PBXFileReference; fileEncoding = 4; lastKnownFileType = sourcecode.c.h; path = MBProgressHUD.h; sourceTree = "<group>"; };
		855D523C1C3B6A63007A440A /* MBProgressHUD.m */ = {isa = PBXFileReference; fileEncoding = 4; lastKnownFileType = sourcecode.c.objc; path = MBProgressHUD.m; sourceTree = "<group>"; };
		855D523E1C3B6A63007A440A /* PicBrower.h */ = {isa = PBXFileReference; fileEncoding = 4; lastKnownFileType = sourcecode.c.h; path = PicBrower.h; sourceTree = "<group>"; };
		855D523F1C3B6A63007A440A /* PicBrower.m */ = {isa = PBXFileReference; fileEncoding = 4; lastKnownFileType = sourcecode.c.objc; path = PicBrower.m; sourceTree = "<group>"; };
		855D52411C3B6A63007A440A /* MKAnnotationView+WebCache.h */ = {isa = PBXFileReference; fileEncoding = 4; lastKnownFileType = sourcecode.c.h; path = "MKAnnotationView+WebCache.h"; sourceTree = "<group>"; };
		855D52421C3B6A63007A440A /* MKAnnotationView+WebCache.m */ = {isa = PBXFileReference; fileEncoding = 4; lastKnownFileType = sourcecode.c.objc; path = "MKAnnotationView+WebCache.m"; sourceTree = "<group>"; };
		855D52431C3B6A63007A440A /* NSData+ImageContentType.h */ = {isa = PBXFileReference; fileEncoding = 4; lastKnownFileType = sourcecode.c.h; path = "NSData+ImageContentType.h"; sourceTree = "<group>"; };
		855D52441C3B6A63007A440A /* NSData+ImageContentType.m */ = {isa = PBXFileReference; fileEncoding = 4; lastKnownFileType = sourcecode.c.objc; path = "NSData+ImageContentType.m"; sourceTree = "<group>"; };
		855D52451C3B6A63007A440A /* SDImageCache.h */ = {isa = PBXFileReference; fileEncoding = 4; lastKnownFileType = sourcecode.c.h; path = SDImageCache.h; sourceTree = "<group>"; };
		855D52461C3B6A63007A440A /* SDImageCache.m */ = {isa = PBXFileReference; fileEncoding = 4; lastKnownFileType = sourcecode.c.objc; path = SDImageCache.m; sourceTree = "<group>"; };
		855D52471C3B6A63007A440A /* SDWebImageCompat.h */ = {isa = PBXFileReference; fileEncoding = 4; lastKnownFileType = sourcecode.c.h; path = SDWebImageCompat.h; sourceTree = "<group>"; };
		855D52481C3B6A63007A440A /* SDWebImageCompat.m */ = {isa = PBXFileReference; fileEncoding = 4; lastKnownFileType = sourcecode.c.objc; path = SDWebImageCompat.m; sourceTree = "<group>"; };
		855D52491C3B6A63007A440A /* SDWebImageDecoder.h */ = {isa = PBXFileReference; fileEncoding = 4; lastKnownFileType = sourcecode.c.h; path = SDWebImageDecoder.h; sourceTree = "<group>"; };
		855D524A1C3B6A63007A440A /* SDWebImageDecoder.m */ = {isa = PBXFileReference; fileEncoding = 4; lastKnownFileType = sourcecode.c.objc; path = SDWebImageDecoder.m; sourceTree = "<group>"; };
		855D524B1C3B6A63007A440A /* SDWebImageDownloader.h */ = {isa = PBXFileReference; fileEncoding = 4; lastKnownFileType = sourcecode.c.h; path = SDWebImageDownloader.h; sourceTree = "<group>"; };
		855D524C1C3B6A63007A440A /* SDWebImageDownloader.m */ = {isa = PBXFileReference; fileEncoding = 4; lastKnownFileType = sourcecode.c.objc; path = SDWebImageDownloader.m; sourceTree = "<group>"; };
		855D524D1C3B6A63007A440A /* SDWebImageDownloaderOperation.h */ = {isa = PBXFileReference; fileEncoding = 4; lastKnownFileType = sourcecode.c.h; path = SDWebImageDownloaderOperation.h; sourceTree = "<group>"; };
		855D524E1C3B6A63007A440A /* SDWebImageDownloaderOperation.m */ = {isa = PBXFileReference; fileEncoding = 4; lastKnownFileType = sourcecode.c.objc; path = SDWebImageDownloaderOperation.m; sourceTree = "<group>"; };
		855D524F1C3B6A63007A440A /* SDWebImageManager.h */ = {isa = PBXFileReference; fileEncoding = 4; lastKnownFileType = sourcecode.c.h; path = SDWebImageManager.h; sourceTree = "<group>"; };
		855D52501C3B6A63007A440A /* SDWebImageManager.m */ = {isa = PBXFileReference; fileEncoding = 4; lastKnownFileType = sourcecode.c.objc; path = SDWebImageManager.m; sourceTree = "<group>"; };
		855D52511C3B6A63007A440A /* SDWebImageOperation.h */ = {isa = PBXFileReference; fileEncoding = 4; lastKnownFileType = sourcecode.c.h; path = SDWebImageOperation.h; sourceTree = "<group>"; };
		855D52521C3B6A63007A440A /* SDWebImagePrefetcher.h */ = {isa = PBXFileReference; fileEncoding = 4; lastKnownFileType = sourcecode.c.h; path = SDWebImagePrefetcher.h; sourceTree = "<group>"; };
		855D52531C3B6A63007A440A /* SDWebImagePrefetcher.m */ = {isa = PBXFileReference; fileEncoding = 4; lastKnownFileType = sourcecode.c.objc; path = SDWebImagePrefetcher.m; sourceTree = "<group>"; };
		855D52541C3B6A63007A440A /* UIButton+WebCache.h */ = {isa = PBXFileReference; fileEncoding = 4; lastKnownFileType = sourcecode.c.h; path = "UIButton+WebCache.h"; sourceTree = "<group>"; };
		855D52551C3B6A63007A440A /* UIButton+WebCache.m */ = {isa = PBXFileReference; fileEncoding = 4; lastKnownFileType = sourcecode.c.objc; path = "UIButton+WebCache.m"; sourceTree = "<group>"; };
		855D52561C3B6A63007A440A /* UIImage+GIF.h */ = {isa = PBXFileReference; fileEncoding = 4; lastKnownFileType = sourcecode.c.h; path = "UIImage+GIF.h"; sourceTree = "<group>"; };
		855D52571C3B6A63007A440A /* UIImage+GIF.m */ = {isa = PBXFileReference; fileEncoding = 4; lastKnownFileType = sourcecode.c.objc; path = "UIImage+GIF.m"; sourceTree = "<group>"; };
		855D52581C3B6A63007A440A /* UIImage+MultiFormat.h */ = {isa = PBXFileReference; fileEncoding = 4; lastKnownFileType = sourcecode.c.h; path = "UIImage+MultiFormat.h"; sourceTree = "<group>"; };
		855D52591C3B6A63007A440A /* UIImage+MultiFormat.m */ = {isa = PBXFileReference; fileEncoding = 4; lastKnownFileType = sourcecode.c.objc; path = "UIImage+MultiFormat.m"; sourceTree = "<group>"; };
		855D525A1C3B6A63007A440A /* UIImage+WebP.h */ = {isa = PBXFileReference; fileEncoding = 4; lastKnownFileType = sourcecode.c.h; path = "UIImage+WebP.h"; sourceTree = "<group>"; };
		855D525B1C3B6A63007A440A /* UIImage+WebP.m */ = {isa = PBXFileReference; fileEncoding = 4; lastKnownFileType = sourcecode.c.objc; path = "UIImage+WebP.m"; sourceTree = "<group>"; };
		855D525C1C3B6A63007A440A /* UIImageView+HighlightedWebCache.h */ = {isa = PBXFileReference; fileEncoding = 4; lastKnownFileType = sourcecode.c.h; path = "UIImageView+HighlightedWebCache.h"; sourceTree = "<group>"; };
		855D525D1C3B6A63007A440A /* UIImageView+HighlightedWebCache.m */ = {isa = PBXFileReference; fileEncoding = 4; lastKnownFileType = sourcecode.c.objc; path = "UIImageView+HighlightedWebCache.m"; sourceTree = "<group>"; };
		855D525E1C3B6A63007A440A /* UIImageView+WebCache.h */ = {isa = PBXFileReference; fileEncoding = 4; lastKnownFileType = sourcecode.c.h; path = "UIImageView+WebCache.h"; sourceTree = "<group>"; };
		855D525F1C3B6A63007A440A /* UIImageView+WebCache.m */ = {isa = PBXFileReference; fileEncoding = 4; lastKnownFileType = sourcecode.c.objc; path = "UIImageView+WebCache.m"; sourceTree = "<group>"; };
		855D52601C3B6A63007A440A /* UIView+WebCacheOperation.h */ = {isa = PBXFileReference; fileEncoding = 4; lastKnownFileType = sourcecode.c.h; path = "UIView+WebCacheOperation.h"; sourceTree = "<group>"; };
		855D52611C3B6A63007A440A /* UIView+WebCacheOperation.m */ = {isa = PBXFileReference; fileEncoding = 4; lastKnownFileType = sourcecode.c.objc; path = "UIView+WebCacheOperation.m"; sourceTree = "<group>"; };
		855D52631C3B6A63007A440A /* AFNetworkActivityIndicatorManager.h */ = {isa = PBXFileReference; fileEncoding = 4; lastKnownFileType = sourcecode.c.h; path = AFNetworkActivityIndicatorManager.h; sourceTree = "<group>"; };
		855D52641C3B6A63007A440A /* AFNetworkActivityIndicatorManager.m */ = {isa = PBXFileReference; fileEncoding = 4; lastKnownFileType = sourcecode.c.objc; path = AFNetworkActivityIndicatorManager.m; sourceTree = "<group>"; };
		855D52651C3B6A63007A440A /* UIActivityIndicatorView+AFNetworking.h */ = {isa = PBXFileReference; fileEncoding = 4; lastKnownFileType = sourcecode.c.h; path = "UIActivityIndicatorView+AFNetworking.h"; sourceTree = "<group>"; };
		855D52661C3B6A63007A440A /* UIActivityIndicatorView+AFNetworking.m */ = {isa = PBXFileReference; fileEncoding = 4; lastKnownFileType = sourcecode.c.objc; path = "UIActivityIndicatorView+AFNetworking.m"; sourceTree = "<group>"; };
		855D52671C3B6A63007A440A /* UIAlertView+AFNetworking.h */ = {isa = PBXFileReference; fileEncoding = 4; lastKnownFileType = sourcecode.c.h; path = "UIAlertView+AFNetworking.h"; sourceTree = "<group>"; };
		855D52681C3B6A63007A440A /* UIAlertView+AFNetworking.m */ = {isa = PBXFileReference; fileEncoding = 4; lastKnownFileType = sourcecode.c.objc; path = "UIAlertView+AFNetworking.m"; sourceTree = "<group>"; };
		855D52691C3B6A63007A440A /* UIButton+AFNetworking.h */ = {isa = PBXFileReference; fileEncoding = 4; lastKnownFileType = sourcecode.c.h; path = "UIButton+AFNetworking.h"; sourceTree = "<group>"; };
		855D526A1C3B6A63007A440A /* UIButton+AFNetworking.m */ = {isa = PBXFileReference; fileEncoding = 4; lastKnownFileType = sourcecode.c.objc; path = "UIButton+AFNetworking.m"; sourceTree = "<group>"; };
		855D526B1C3B6A63007A440A /* UIImage+AFNetworking.h */ = {isa = PBXFileReference; fileEncoding = 4; lastKnownFileType = sourcecode.c.h; path = "UIImage+AFNetworking.h"; sourceTree = "<group>"; };
		855D526C1C3B6A63007A440A /* UIImageView+AFNetworking.h */ = {isa = PBXFileReference; fileEncoding = 4; lastKnownFileType = sourcecode.c.h; path = "UIImageView+AFNetworking.h"; sourceTree = "<group>"; };
		855D526D1C3B6A63007A440A /* UIImageView+AFNetworking.m */ = {isa = PBXFileReference; fileEncoding = 4; lastKnownFileType = sourcecode.c.objc; path = "UIImageView+AFNetworking.m"; sourceTree = "<group>"; };
		855D526E1C3B6A63007A440A /* UIKit+AFNetworking.h */ = {isa = PBXFileReference; fileEncoding = 4; lastKnownFileType = sourcecode.c.h; path = "UIKit+AFNetworking.h"; sourceTree = "<group>"; };
		855D526F1C3B6A63007A440A /* UIProgressView+AFNetworking.h */ = {isa = PBXFileReference; fileEncoding = 4; lastKnownFileType = sourcecode.c.h; path = "UIProgressView+AFNetworking.h"; sourceTree = "<group>"; };
		855D52701C3B6A63007A440A /* UIProgressView+AFNetworking.m */ = {isa = PBXFileReference; fileEncoding = 4; lastKnownFileType = sourcecode.c.objc; path = "UIProgressView+AFNetworking.m"; sourceTree = "<group>"; };
		855D52711C3B6A63007A440A /* UIRefreshControl+AFNetworking.h */ = {isa = PBXFileReference; fileEncoding = 4; lastKnownFileType = sourcecode.c.h; path = "UIRefreshControl+AFNetworking.h"; sourceTree = "<group>"; };
		855D52721C3B6A63007A440A /* UIRefreshControl+AFNetworking.m */ = {isa = PBXFileReference; fileEncoding = 4; lastKnownFileType = sourcecode.c.objc; path = "UIRefreshControl+AFNetworking.m"; sourceTree = "<group>"; };
		855D52731C3B6A63007A440A /* UIWebView+AFNetworking.h */ = {isa = PBXFileReference; fileEncoding = 4; lastKnownFileType = sourcecode.c.h; path = "UIWebView+AFNetworking.h"; sourceTree = "<group>"; };
		855D52741C3B6A63007A440A /* UIWebView+AFNetworking.m */ = {isa = PBXFileReference; fileEncoding = 4; lastKnownFileType = sourcecode.c.objc; path = "UIWebView+AFNetworking.m"; sourceTree = "<group>"; };
		855D52761C3B6A63007A440A /* UIScrollView+BottomRefreshControl.h */ = {isa = PBXFileReference; fileEncoding = 4; lastKnownFileType = sourcecode.c.h; path = "UIScrollView+BottomRefreshControl.h"; sourceTree = "<group>"; };
		855D52771C3B6A63007A440A /* UIScrollView+BottomRefreshControl.m */ = {isa = PBXFileReference; fileEncoding = 4; lastKnownFileType = sourcecode.c.objc; path = "UIScrollView+BottomRefreshControl.m"; sourceTree = "<group>"; };
		855D52AC1C3B80FF007A440A /* FindListeningListCell.h */ = {isa = PBXFileReference; fileEncoding = 4; lastKnownFileType = sourcecode.c.h; name = FindListeningListCell.h; path = RedioProject/Find/Views/FindListeningListCell.h; sourceTree = SOURCE_ROOT; };
		855D52AD1C3B80FF007A440A /* FindListeningListCell.m */ = {isa = PBXFileReference; fileEncoding = 4; lastKnownFileType = sourcecode.c.objc; name = FindListeningListCell.m; path = RedioProject/Find/Views/FindListeningListCell.m; sourceTree = SOURCE_ROOT; };
		961BB5611C390F59004D1805 /* RedioProject.app */ = {isa = PBXFileReference; explicitFileType = wrapper.application; includeInIndex = 0; path = RedioProject.app; sourceTree = BUILT_PRODUCTS_DIR; };
		961BB5651C390F59004D1805 /* main.m */ = {isa = PBXFileReference; lastKnownFileType = sourcecode.c.objc; path = main.m; sourceTree = "<group>"; };
		961BB5671C390F59004D1805 /* AppDelegate.h */ = {isa = PBXFileReference; lastKnownFileType = sourcecode.c.h; path = AppDelegate.h; sourceTree = "<group>"; };
		961BB5681C390F59004D1805 /* AppDelegate.m */ = {isa = PBXFileReference; lastKnownFileType = sourcecode.c.objc; path = AppDelegate.m; sourceTree = "<group>"; };
		961BB56A1C390F59004D1805 /* ViewController.h */ = {isa = PBXFileReference; lastKnownFileType = sourcecode.c.h; path = ViewController.h; sourceTree = "<group>"; };
		961BB56B1C390F59004D1805 /* ViewController.m */ = {isa = PBXFileReference; lastKnownFileType = sourcecode.c.objc; path = ViewController.m; sourceTree = "<group>"; };
		961BB56E1C390F59004D1805 /* Base */ = {isa = PBXFileReference; lastKnownFileType = file.storyboard; name = Base; path = Base.lproj/Main.storyboard; sourceTree = "<group>"; };
		961BB5701C390F59004D1805 /* Assets.xcassets */ = {isa = PBXFileReference; lastKnownFileType = folder.assetcatalog; path = Assets.xcassets; sourceTree = "<group>"; };
		961BB5731C390F59004D1805 /* Base */ = {isa = PBXFileReference; lastKnownFileType = file.storyboard; name = Base; path = Base.lproj/LaunchScreen.storyboard; sourceTree = "<group>"; };
		961BB5751C390F59004D1805 /* Info.plist */ = {isa = PBXFileReference; lastKnownFileType = text.plist.xml; path = Info.plist; sourceTree = "<group>"; };
		961BB57A1C390F59004D1805 /* RedioProjectTests.xctest */ = {isa = PBXFileReference; explicitFileType = wrapper.cfbundle; includeInIndex = 0; path = RedioProjectTests.xctest; sourceTree = BUILT_PRODUCTS_DIR; };
		961BB57E1C390F59004D1805 /* RedioProjectTests.m */ = {isa = PBXFileReference; lastKnownFileType = sourcecode.c.objc; path = RedioProjectTests.m; sourceTree = "<group>"; };
		961BB5801C390F59004D1805 /* Info.plist */ = {isa = PBXFileReference; lastKnownFileType = text.plist.xml; path = Info.plist; sourceTree = "<group>"; };
		961BB5851C390F59004D1805 /* RedioProjectUITests.xctest */ = {isa = PBXFileReference; explicitFileType = wrapper.cfbundle; includeInIndex = 0; path = RedioProjectUITests.xctest; sourceTree = BUILT_PRODUCTS_DIR; };
		961BB5891C390F59004D1805 /* RedioProjectUITests.m */ = {isa = PBXFileReference; lastKnownFileType = sourcecode.c.objc; path = RedioProjectUITests.m; sourceTree = "<group>"; };
		961BB58B1C390F59004D1805 /* Info.plist */ = {isa = PBXFileReference; lastKnownFileType = text.plist.xml; path = Info.plist; sourceTree = "<group>"; };
		961BB5AE1C391153004D1805 /* FindViewController.h */ = {isa = PBXFileReference; fileEncoding = 4; lastKnownFileType = sourcecode.c.h; path = FindViewController.h; sourceTree = "<group>"; };
		961BB5AF1C391153004D1805 /* FindViewController.m */ = {isa = PBXFileReference; fileEncoding = 4; lastKnownFileType = sourcecode.c.objc; path = FindViewController.m; sourceTree = "<group>"; };
		961BB5B41C391258004D1805 /* PlayViewController.h */ = {isa = PBXFileReference; fileEncoding = 4; lastKnownFileType = sourcecode.c.h; path = PlayViewController.h; sourceTree = "<group>"; };
		961BB5B51C391258004D1805 /* PlayViewController.m */ = {isa = PBXFileReference; fileEncoding = 4; lastKnownFileType = sourcecode.c.objc; path = PlayViewController.m; sourceTree = "<group>"; };
		961BB5B71C391266004D1805 /* DownloadViewController.h */ = {isa = PBXFileReference; fileEncoding = 4; lastKnownFileType = sourcecode.c.h; path = DownloadViewController.h; sourceTree = "<group>"; };
		961BB5B81C391266004D1805 /* DownloadViewController.m */ = {isa = PBXFileReference; fileEncoding = 4; lastKnownFileType = sourcecode.c.objc; path = DownloadViewController.m; sourceTree = "<group>"; };
		961BB5BA1C391277004D1805 /* LoginViewController.h */ = {isa = PBXFileReference; fileEncoding = 4; lastKnownFileType = sourcecode.c.h; path = LoginViewController.h; sourceTree = "<group>"; };
		961BB5BB1C391277004D1805 /* LoginViewController.m */ = {isa = PBXFileReference; fileEncoding = 4; lastKnownFileType = sourcecode.c.objc; path = LoginViewController.m; sourceTree = "<group>"; };
		961BB5BD1C3912BF004D1805 /* CustomViewController.h */ = {isa = PBXFileReference; fileEncoding = 4; lastKnownFileType = sourcecode.c.h; path = CustomViewController.h; sourceTree = "<group>"; };
		961BB5BE1C3912BF004D1805 /* CustomViewController.m */ = {isa = PBXFileReference; fileEncoding = 4; lastKnownFileType = sourcecode.c.objc; path = CustomViewController.m; sourceTree = "<group>"; };
		961C7BC01C3927A900A59D5F /* MoreTableViewCell.h */ = {isa = PBXFileReference; fileEncoding = 4; lastKnownFileType = sourcecode.c.h; name = MoreTableViewCell.h; path = RedioProject/Find/Views/MoreTableViewCell.h; sourceTree = SOURCE_ROOT; };
		961C7BC11C3927A900A59D5F /* MoreTableViewCell.m */ = {isa = PBXFileReference; fileEncoding = 4; lastKnownFileType = sourcecode.c.objc; name = MoreTableViewCell.m; path = RedioProject/Find/Views/MoreTableViewCell.m; sourceTree = SOURCE_ROOT; };
/* End PBXFileReference section */

/* Begin PBXFrameworksBuildPhase section */
		961BB55E1C390F59004D1805 /* Frameworks */ = {
			isa = PBXFrameworksBuildPhase;
			buildActionMask = 2147483647;
			files = (
			);
			runOnlyForDeploymentPostprocessing = 0;
		};
		961BB5771C390F59004D1805 /* Frameworks */ = {
			isa = PBXFrameworksBuildPhase;
			buildActionMask = 2147483647;
			files = (
			);
			runOnlyForDeploymentPostprocessing = 0;
		};
		961BB5821C390F59004D1805 /* Frameworks */ = {
			isa = PBXFrameworksBuildPhase;
			buildActionMask = 2147483647;
			files = (
			);
			runOnlyForDeploymentPostprocessing = 0;
		};
/* End PBXFrameworksBuildPhase section */

/* Begin PBXGroup section */
		855D51FB1C3B6A63007A440A /* Lib */ = {
			isa = PBXGroup;
			children = (
				855D51FC1C3B6A63007A440A /* AFNetworking */,
				855D52101C3B6A63007A440A /* Catagory */,
				855D52131C3B6A63007A440A /* DJRefresh */,
				855D521F1C3B6A63007A440A /* LocationMgr */,
				855D52221C3B6A63007A440A /* Masonry */,
				855D523A1C3B6A63007A440A /* MBProgressHUD */,
				855D523D1C3B6A63007A440A /* PicBrower */,
				855D52401C3B6A63007A440A /* SDWebImage */,
				855D52621C3B6A63007A440A /* UIKit+AFNetworking */,
				855D52751C3B6A63007A440A /* UIScrollView+BottomRefreshControl */,
			);
			path = Lib;
			sourceTree = "<group>";
		};
		855D51FC1C3B6A63007A440A /* AFNetworking */ = {
			isa = PBXGroup;
			children = (
				855D51FD1C3B6A63007A440A /* AFHTTPRequestOperation.h */,
				855D51FE1C3B6A63007A440A /* AFHTTPRequestOperation.m */,
				855D51FF1C3B6A63007A440A /* AFHTTPRequestOperationManager.h */,
				855D52001C3B6A63007A440A /* AFHTTPRequestOperationManager.m */,
				855D52011C3B6A63007A440A /* AFHTTPSessionManager.h */,
				855D52021C3B6A63007A440A /* AFHTTPSessionManager.m */,
				855D52031C3B6A63007A440A /* AFNetworking.h */,
				855D52041C3B6A63007A440A /* AFNetworkReachabilityManager.h */,
				855D52051C3B6A63007A440A /* AFNetworkReachabilityManager.m */,
				855D52061C3B6A63007A440A /* AFSecurityPolicy.h */,
				855D52071C3B6A63007A440A /* AFSecurityPolicy.m */,
				855D52081C3B6A63007A440A /* AFURLConnectionOperation.h */,
				855D52091C3B6A63007A440A /* AFURLConnectionOperation.m */,
				855D520A1C3B6A63007A440A /* AFURLRequestSerialization.h */,
				855D520B1C3B6A63007A440A /* AFURLRequestSerialization.m */,
				855D520C1C3B6A63007A440A /* AFURLResponseSerialization.h */,
				855D520D1C3B6A63007A440A /* AFURLResponseSerialization.m */,
				855D520E1C3B6A63007A440A /* AFURLSessionManager.h */,
				855D520F1C3B6A63007A440A /* AFURLSessionManager.m */,
			);
			path = AFNetworking;
			sourceTree = "<group>";
		};
		855D52101C3B6A63007A440A /* Catagory */ = {
			isa = PBXGroup;
			children = (
				855D52111C3B6A63007A440A /* UIImage+Color.h */,
				855D52121C3B6A63007A440A /* UIImage+Color.m */,
			);
			path = Catagory;
			sourceTree = "<group>";
		};
		855D52131C3B6A63007A440A /* DJRefresh */ = {
			isa = PBXGroup;
			children = (
				855D52141C3B6A63007A440A /* DJRefresh.bundle */,
				855D52151C3B6A63007A440A /* DJRefresh.h */,
				855D52161C3B6A63007A440A /* DJRefresh.m */,
				855D52171C3B6A63007A440A /* DJRefreshView */,
			);
			path = DJRefresh;
			sourceTree = "<group>";
		};
		855D52171C3B6A63007A440A /* DJRefreshView */ = {
			isa = PBXGroup;
			children = (
				855D52181C3B6A63007A440A /* DJRefreshBottomView.h */,
				855D52191C3B6A63007A440A /* DJRefreshBottomView.m */,
				855D521A1C3B6A63007A440A /* DJRefreshMacro.h */,
				855D521B1C3B6A63007A440A /* DJRefreshTopView.h */,
				855D521C1C3B6A63007A440A /* DJRefreshTopView.m */,
				855D521D1C3B6A63007A440A /* DJRefreshView.h */,
				855D521E1C3B6A63007A440A /* DJRefreshView.m */,
			);
			path = DJRefreshView;
			sourceTree = "<group>";
		};
		855D521F1C3B6A63007A440A /* LocationMgr */ = {
			isa = PBXGroup;
			children = (
				855D52201C3B6A63007A440A /* LocationMgr.h */,
				855D52211C3B6A63007A440A /* LocationMgr.m */,
			);
			path = LocationMgr;
			sourceTree = "<group>";
		};
		855D52221C3B6A63007A440A /* Masonry */ = {
			isa = PBXGroup;
			children = (
				855D52231C3B6A63007A440A /* MASCompositeConstraint.h */,
				855D52241C3B6A63007A440A /* MASCompositeConstraint.m */,
				855D52251C3B6A63007A440A /* MASConstraint+Private.h */,
				855D52261C3B6A63007A440A /* MASConstraint.h */,
				855D52271C3B6A63007A440A /* MASConstraint.m */,
				855D52281C3B6A63007A440A /* MASConstraintMaker.h */,
				855D52291C3B6A63007A440A /* MASConstraintMaker.m */,
				855D522A1C3B6A63007A440A /* MASLayoutConstraint.h */,
				855D522B1C3B6A63007A440A /* MASLayoutConstraint.m */,
				855D522C1C3B6A63007A440A /* Masonry.h */,
				855D522D1C3B6A63007A440A /* MASUtilities.h */,
				855D522E1C3B6A63007A440A /* MASViewAttribute.h */,
				855D522F1C3B6A63007A440A /* MASViewAttribute.m */,
				855D52301C3B6A63007A440A /* MASViewConstraint.h */,
				855D52311C3B6A63007A440A /* MASViewConstraint.m */,
				855D52321C3B6A63007A440A /* NSArray+MASAdditions.h */,
				855D52331C3B6A63007A440A /* NSArray+MASAdditions.m */,
				855D52341C3B6A63007A440A /* NSArray+MASShorthandAdditions.h */,
				855D52351C3B6A63007A440A /* NSLayoutConstraint+MASDebugAdditions.h */,
				855D52361C3B6A63007A440A /* NSLayoutConstraint+MASDebugAdditions.m */,
				855D52371C3B6A63007A440A /* View+MASAdditions.h */,
				855D52381C3B6A63007A440A /* View+MASAdditions.m */,
				855D52391C3B6A63007A440A /* View+MASShorthandAdditions.h */,
			);
			path = Masonry;
			sourceTree = "<group>";
		};
		855D523A1C3B6A63007A440A /* MBProgressHUD */ = {
			isa = PBXGroup;
			children = (
				855D523B1C3B6A63007A440A /* MBProgressHUD.h */,
				855D523C1C3B6A63007A440A /* MBProgressHUD.m */,
			);
			path = MBProgressHUD;
			sourceTree = "<group>";
		};
		855D523D1C3B6A63007A440A /* PicBrower */ = {
			isa = PBXGroup;
			children = (
				855D523E1C3B6A63007A440A /* PicBrower.h */,
				855D523F1C3B6A63007A440A /* PicBrower.m */,
			);
			path = PicBrower;
			sourceTree = "<group>";
		};
		855D52401C3B6A63007A440A /* SDWebImage */ = {
			isa = PBXGroup;
			children = (
				855D52411C3B6A63007A440A /* MKAnnotationView+WebCache.h */,
				855D52421C3B6A63007A440A /* MKAnnotationView+WebCache.m */,
				855D52431C3B6A63007A440A /* NSData+ImageContentType.h */,
				855D52441C3B6A63007A440A /* NSData+ImageContentType.m */,
				855D52451C3B6A63007A440A /* SDImageCache.h */,
				855D52461C3B6A63007A440A /* SDImageCache.m */,
				855D52471C3B6A63007A440A /* SDWebImageCompat.h */,
				855D52481C3B6A63007A440A /* SDWebImageCompat.m */,
				855D52491C3B6A63007A440A /* SDWebImageDecoder.h */,
				855D524A1C3B6A63007A440A /* SDWebImageDecoder.m */,
				855D524B1C3B6A63007A440A /* SDWebImageDownloader.h */,
				855D524C1C3B6A63007A440A /* SDWebImageDownloader.m */,
				855D524D1C3B6A63007A440A /* SDWebImageDownloaderOperation.h */,
				855D524E1C3B6A63007A440A /* SDWebImageDownloaderOperation.m */,
				855D524F1C3B6A63007A440A /* SDWebImageManager.h */,
				855D52501C3B6A63007A440A /* SDWebImageManager.m */,
				855D52511C3B6A63007A440A /* SDWebImageOperation.h */,
				855D52521C3B6A63007A440A /* SDWebImagePrefetcher.h */,
				855D52531C3B6A63007A440A /* SDWebImagePrefetcher.m */,
				855D52541C3B6A63007A440A /* UIButton+WebCache.h */,
				855D52551C3B6A63007A440A /* UIButton+WebCache.m */,
				855D52561C3B6A63007A440A /* UIImage+GIF.h */,
				855D52571C3B6A63007A440A /* UIImage+GIF.m */,
				855D52581C3B6A63007A440A /* UIImage+MultiFormat.h */,
				855D52591C3B6A63007A440A /* UIImage+MultiFormat.m */,
				855D525A1C3B6A63007A440A /* UIImage+WebP.h */,
				855D525B1C3B6A63007A440A /* UIImage+WebP.m */,
				855D525C1C3B6A63007A440A /* UIImageView+HighlightedWebCache.h */,
				855D525D1C3B6A63007A440A /* UIImageView+HighlightedWebCache.m */,
				855D525E1C3B6A63007A440A /* UIImageView+WebCache.h */,
				855D525F1C3B6A63007A440A /* UIImageView+WebCache.m */,
				855D52601C3B6A63007A440A /* UIView+WebCacheOperation.h */,
				855D52611C3B6A63007A440A /* UIView+WebCacheOperation.m */,
			);
			path = SDWebImage;
			sourceTree = "<group>";
		};
		855D52621C3B6A63007A440A /* UIKit+AFNetworking */ = {
			isa = PBXGroup;
			children = (
				855D52631C3B6A63007A440A /* AFNetworkActivityIndicatorManager.h */,
				855D52641C3B6A63007A440A /* AFNetworkActivityIndicatorManager.m */,
				855D52651C3B6A63007A440A /* UIActivityIndicatorView+AFNetworking.h */,
				855D52661C3B6A63007A440A /* UIActivityIndicatorView+AFNetworking.m */,
				855D52671C3B6A63007A440A /* UIAlertView+AFNetworking.h */,
				855D52681C3B6A63007A440A /* UIAlertView+AFNetworking.m */,
				855D52691C3B6A63007A440A /* UIButton+AFNetworking.h */,
				855D526A1C3B6A63007A440A /* UIButton+AFNetworking.m */,
				855D526B1C3B6A63007A440A /* UIImage+AFNetworking.h */,
				855D526C1C3B6A63007A440A /* UIImageView+AFNetworking.h */,
				855D526D1C3B6A63007A440A /* UIImageView+AFNetworking.m */,
				855D526E1C3B6A63007A440A /* UIKit+AFNetworking.h */,
				855D526F1C3B6A63007A440A /* UIProgressView+AFNetworking.h */,
				855D52701C3B6A63007A440A /* UIProgressView+AFNetworking.m */,
				855D52711C3B6A63007A440A /* UIRefreshControl+AFNetworking.h */,
				855D52721C3B6A63007A440A /* UIRefreshControl+AFNetworking.m */,
				855D52731C3B6A63007A440A /* UIWebView+AFNetworking.h */,
				855D52741C3B6A63007A440A /* UIWebView+AFNetworking.m */,
			);
			path = "UIKit+AFNetworking";
			sourceTree = "<group>";
		};
		855D52751C3B6A63007A440A /* UIScrollView+BottomRefreshControl */ = {
			isa = PBXGroup;
			children = (
				855D52761C3B6A63007A440A /* UIScrollView+BottomRefreshControl.h */,
				855D52771C3B6A63007A440A /* UIScrollView+BottomRefreshControl.m */,
			);
			path = "UIScrollView+BottomRefreshControl";
			sourceTree = "<group>";
		};
		961BB5581C390F59004D1805 = {
			isa = PBXGroup;
			children = (
				961BB5631C390F59004D1805 /* RedioProject */,
				961BB57D1C390F59004D1805 /* RedioProjectTests */,
				961BB5881C390F59004D1805 /* RedioProjectUITests */,
				961BB5621C390F59004D1805 /* Products */,
			);
			sourceTree = "<group>";
		};
		961BB5621C390F59004D1805 /* Products */ = {
			isa = PBXGroup;
			children = (
				961BB5611C390F59004D1805 /* RedioProject.app */,
				961BB57A1C390F59004D1805 /* RedioProjectTests.xctest */,
				961BB5851C390F59004D1805 /* RedioProjectUITests.xctest */,
			);
			name = Products;
			sourceTree = "<group>";
		};
		961BB5631C390F59004D1805 /* RedioProject */ = {
			isa = PBXGroup;
			children = (
				855D51FB1C3B6A63007A440A /* Lib */,
				961BB59F1C3910D7004D1805 /* Find */,
				961BB5971C3910D7004D1805 /* Custom */,
				961BB5A91C3910D7004D1805 /* Play */,
				961BB59B1C3910D7004D1805 /* Download */,
				961BB5A51C3910D7004D1805 /* Login */,
				961BB5671C390F59004D1805 /* AppDelegate.h */,
				961BB5681C390F59004D1805 /* AppDelegate.m */,
				961BB56A1C390F59004D1805 /* ViewController.h */,
				961BB56B1C390F59004D1805 /* ViewController.m */,
				961BB56D1C390F59004D1805 /* Main.storyboard */,
				961BB5701C390F59004D1805 /* Assets.xcassets */,
				961BB5721C390F59004D1805 /* LaunchScreen.storyboard */,
				961BB5751C390F59004D1805 /* Info.plist */,
				961BB5641C390F59004D1805 /* Supporting Files */,
			);
			path = RedioProject;
			sourceTree = "<group>";
		};
		961BB5641C390F59004D1805 /* Supporting Files */ = {
			isa = PBXGroup;
			children = (
				961BB5651C390F59004D1805 /* main.m */,
			);
			name = "Supporting Files";
			sourceTree = "<group>";
		};
		961BB57D1C390F59004D1805 /* RedioProjectTests */ = {
			isa = PBXGroup;
			children = (
				961BB57E1C390F59004D1805 /* RedioProjectTests.m */,
				961BB5801C390F59004D1805 /* Info.plist */,
			);
			path = RedioProjectTests;
			sourceTree = "<group>";
		};
		961BB5881C390F59004D1805 /* RedioProjectUITests */ = {
			isa = PBXGroup;
			children = (
				961BB5891C390F59004D1805 /* RedioProjectUITests.m */,
				961BB58B1C390F59004D1805 /* Info.plist */,
			);
			path = RedioProjectUITests;
			sourceTree = "<group>";
		};
		961BB5971C3910D7004D1805 /* Custom */ = {
			isa = PBXGroup;
			children = (
				961BB5981C3910D7004D1805 /* Common */,
				961BB5991C3910D7004D1805 /* ViewController */,
				961BB59A1C3910D7004D1805 /* views */,
			);
			path = Custom;
			sourceTree = "<group>";
		};
		961BB5981C3910D7004D1805 /* Common */ = {
			isa = PBXGroup;
			children = (
			);
			path = Common;
			sourceTree = "<group>";
		};
		961BB5991C3910D7004D1805 /* ViewController */ = {
			isa = PBXGroup;
			children = (
				961BB5BD1C3912BF004D1805 /* CustomViewController.h */,
				961BB5BE1C3912BF004D1805 /* CustomViewController.m */,
			);
			path = ViewController;
			sourceTree = "<group>";
		};
		961BB59A1C3910D7004D1805 /* views */ = {
			isa = PBXGroup;
			children = (
			);
			path = views;
			sourceTree = "<group>";
		};
		961BB59B1C3910D7004D1805 /* Download */ = {
			isa = PBXGroup;
			children = (
				961BB59C1C3910D7004D1805 /* Common */,
				961BB59D1C3910D7004D1805 /* ViewController */,
				961BB59E1C3910D7004D1805 /* views */,
			);
			path = Download;
			sourceTree = "<group>";
		};
		961BB59C1C3910D7004D1805 /* Common */ = {
			isa = PBXGroup;
			children = (
			);
			path = Common;
			sourceTree = "<group>";
		};
		961BB59D1C3910D7004D1805 /* ViewController */ = {
			isa = PBXGroup;
			children = (
				961BB5B71C391266004D1805 /* DownloadViewController.h */,
				961BB5B81C391266004D1805 /* DownloadViewController.m */,
			);
			path = ViewController;
			sourceTree = "<group>";
		};
		961BB59E1C3910D7004D1805 /* views */ = {
			isa = PBXGroup;
			children = (
			);
			path = views;
			sourceTree = "<group>";
		};
		961BB59F1C3910D7004D1805 /* Find */ = {
			isa = PBXGroup;
			children = (
				961BB5A01C3910D7004D1805 /* Common */,
				961BB5A11C3910D7004D1805 /* ViewController */,
				961BB5A41C3910D7004D1805 /* views */,
			);
			path = Find;
			sourceTree = "<group>";
		};
		961BB5A01C3910D7004D1805 /* Common */ = {
			isa = PBXGroup;
			children = (
			);
			path = Common;
			sourceTree = "<group>";
		};
		961BB5A11C3910D7004D1805 /* ViewController */ = {
			isa = PBXGroup;
			children = (
				961BB5AE1C391153004D1805 /* FindViewController.h */,
				961BB5AF1C391153004D1805 /* FindViewController.m */,
			);
			path = ViewController;
			sourceTree = "<group>";
		};
		961BB5A41C3910D7004D1805 /* views */ = {
			isa = PBXGroup;
			children = (
				961C7BC01C3927A900A59D5F /* MoreTableViewCell.h */,
				961C7BC11C3927A900A59D5F /* MoreTableViewCell.m */,
				855D52AC1C3B80FF007A440A /* FindListeningListCell.h */,
				855D52AD1C3B80FF007A440A /* FindListeningListCell.m */,
				854087F71C3BB36B00492985 /* ClassifyTableViewCell.h */,
				854087F81C3BB36B00492985 /* ClassifyTableViewCell.m */,
			);
			path = views;
			sourceTree = "<group>";
		};
		961BB5A51C3910D7004D1805 /* Login */ = {
			isa = PBXGroup;
			children = (
				961BB5A61C3910D7004D1805 /* Common */,
				961BB5A71C3910D7004D1805 /* ViewController */,
				961BB5A81C3910D7004D1805 /* views */,
			);
			path = Login;
			sourceTree = "<group>";
		};
		961BB5A61C3910D7004D1805 /* Common */ = {
			isa = PBXGroup;
			children = (
			);
			path = Common;
			sourceTree = "<group>";
		};
		961BB5A71C3910D7004D1805 /* ViewController */ = {
			isa = PBXGroup;
			children = (
				961BB5BA1C391277004D1805 /* LoginViewController.h */,
				961BB5BB1C391277004D1805 /* LoginViewController.m */,
			);
			path = ViewController;
			sourceTree = "<group>";
		};
		961BB5A81C3910D7004D1805 /* views */ = {
			isa = PBXGroup;
			children = (
			);
			path = views;
			sourceTree = "<group>";
		};
		961BB5A91C3910D7004D1805 /* Play */ = {
			isa = PBXGroup;
			children = (
				961BB5AA1C3910D7004D1805 /* Common */,
				961BB5AB1C3910D7004D1805 /* ViewController */,
				961BB5AC1C3910D7004D1805 /* views */,
			);
			path = Play;
			sourceTree = "<group>";
		};
		961BB5AA1C3910D7004D1805 /* Common */ = {
			isa = PBXGroup;
			children = (
			);
			path = Common;
			sourceTree = "<group>";
		};
		961BB5AB1C3910D7004D1805 /* ViewController */ = {
			isa = PBXGroup;
			children = (
				961BB5B41C391258004D1805 /* PlayViewController.h */,
				961BB5B51C391258004D1805 /* PlayViewController.m */,
			);
			path = ViewController;
			sourceTree = "<group>";
		};
		961BB5AC1C3910D7004D1805 /* views */ = {
			isa = PBXGroup;
			children = (
			);
			path = views;
			sourceTree = "<group>";
		};
/* End PBXGroup section */

/* Begin PBXNativeTarget section */
		961BB5601C390F59004D1805 /* RedioProject */ = {
			isa = PBXNativeTarget;
			buildConfigurationList = 961BB58E1C390F59004D1805 /* Build configuration list for PBXNativeTarget "RedioProject" */;
			buildPhases = (
				961BB55D1C390F59004D1805 /* Sources */,
				961BB55E1C390F59004D1805 /* Frameworks */,
				961BB55F1C390F59004D1805 /* Resources */,
			);
			buildRules = (
			);
			dependencies = (
			);
			name = RedioProject;
			productName = RedioProject;
			productReference = 961BB5611C390F59004D1805 /* RedioProject.app */;
			productType = "com.apple.product-type.application";
		};
		961BB5791C390F59004D1805 /* RedioProjectTests */ = {
			isa = PBXNativeTarget;
			buildConfigurationList = 961BB5911C390F59004D1805 /* Build configuration list for PBXNativeTarget "RedioProjectTests" */;
			buildPhases = (
				961BB5761C390F59004D1805 /* Sources */,
				961BB5771C390F59004D1805 /* Frameworks */,
				961BB5781C390F59004D1805 /* Resources */,
			);
			buildRules = (
			);
			dependencies = (
				961BB57C1C390F59004D1805 /* PBXTargetDependency */,
			);
			name = RedioProjectTests;
			productName = RedioProjectTests;
			productReference = 961BB57A1C390F59004D1805 /* RedioProjectTests.xctest */;
			productType = "com.apple.product-type.bundle.unit-test";
		};
		961BB5841C390F59004D1805 /* RedioProjectUITests */ = {
			isa = PBXNativeTarget;
			buildConfigurationList = 961BB5941C390F59004D1805 /* Build configuration list for PBXNativeTarget "RedioProjectUITests" */;
			buildPhases = (
				961BB5811C390F59004D1805 /* Sources */,
				961BB5821C390F59004D1805 /* Frameworks */,
				961BB5831C390F59004D1805 /* Resources */,
			);
			buildRules = (
			);
			dependencies = (
				961BB5871C390F59004D1805 /* PBXTargetDependency */,
			);
			name = RedioProjectUITests;
			productName = RedioProjectUITests;
			productReference = 961BB5851C390F59004D1805 /* RedioProjectUITests.xctest */;
			productType = "com.apple.product-type.bundle.ui-testing";
		};
/* End PBXNativeTarget section */

/* Begin PBXProject section */
		961BB5591C390F59004D1805 /* Project object */ = {
			isa = PBXProject;
			attributes = {
				LastUpgradeCheck = 0720;
				ORGANIZATIONNAME = garin;
				TargetAttributes = {
					961BB5601C390F59004D1805 = {
						CreatedOnToolsVersion = 7.2;
					};
					961BB5791C390F59004D1805 = {
						CreatedOnToolsVersion = 7.2;
						TestTargetID = 961BB5601C390F59004D1805;
					};
					961BB5841C390F59004D1805 = {
						CreatedOnToolsVersion = 7.2;
						TestTargetID = 961BB5601C390F59004D1805;
					};
				};
			};
			buildConfigurationList = 961BB55C1C390F59004D1805 /* Build configuration list for PBXProject "RedioProject" */;
			compatibilityVersion = "Xcode 3.2";
			developmentRegion = English;
			hasScannedForEncodings = 0;
			knownRegions = (
				en,
				Base,
			);
			mainGroup = 961BB5581C390F59004D1805;
			productRefGroup = 961BB5621C390F59004D1805 /* Products */;
			projectDirPath = "";
			projectRoot = "";
			targets = (
				961BB5601C390F59004D1805 /* RedioProject */,
				961BB5791C390F59004D1805 /* RedioProjectTests */,
				961BB5841C390F59004D1805 /* RedioProjectUITests */,
			);
		};
/* End PBXProject section */

/* Begin PBXResourcesBuildPhase section */
		961BB55F1C390F59004D1805 /* Resources */ = {
			isa = PBXResourcesBuildPhase;
			buildActionMask = 2147483647;
			files = (
				961BB5741C390F59004D1805 /* LaunchScreen.storyboard in Resources */,
				855D52821C3B6A63007A440A /* DJRefresh.bundle in Resources */,
				961BB5711C390F59004D1805 /* Assets.xcassets in Resources */,
				961BB56F1C390F59004D1805 /* Main.storyboard in Resources */,
			);
			runOnlyForDeploymentPostprocessing = 0;
		};
		961BB5781C390F59004D1805 /* Resources */ = {
			isa = PBXResourcesBuildPhase;
			buildActionMask = 2147483647;
			files = (
			);
			runOnlyForDeploymentPostprocessing = 0;
		};
		961BB5831C390F59004D1805 /* Resources */ = {
			isa = PBXResourcesBuildPhase;
			buildActionMask = 2147483647;
			files = (
			);
			runOnlyForDeploymentPostprocessing = 0;
		};
/* End PBXResourcesBuildPhase section */

/* Begin PBXSourcesBuildPhase section */
		961BB55D1C390F59004D1805 /* Sources */ = {
			isa = PBXSourcesBuildPhase;
			buildActionMask = 2147483647;
			files = (
				855D52841C3B6A63007A440A /* DJRefreshBottomView.m in Sources */,
				855D527C1C3B6A63007A440A /* AFSecurityPolicy.m in Sources */,
				855D52921C3B6A63007A440A /* PicBrower.m in Sources */,
				855D528C1C3B6A63007A440A /* MASViewAttribute.m in Sources */,
				855D52961C3B6A63007A440A /* SDWebImageCompat.m in Sources */,
				855D528E1C3B6A63007A440A /* NSArray+MASAdditions.m in Sources */,
				961BB5BC1C391277004D1805 /* LoginViewController.m in Sources */,
				855D529C1C3B6A63007A440A /* UIButton+WebCache.m in Sources */,
				855D527B1C3B6A63007A440A /* AFNetworkReachabilityManager.m in Sources */,
				961BB56C1C390F59004D1805 /* ViewController.m in Sources */,
				855D529A1C3B6A63007A440A /* SDWebImageManager.m in Sources */,
				855D52911C3B6A63007A440A /* MBProgressHUD.m in Sources */,
				855D52A41C3B6A63007A440A /* UIActivityIndicatorView+AFNetworking.m in Sources */,
				855D527D1C3B6A63007A440A /* AFURLConnectionOperation.m in Sources */,
				855D52781C3B6A63007A440A /* AFHTTPRequestOperation.m in Sources */,
				855D52971C3B6A63007A440A /* SDWebImageDecoder.m in Sources */,
				855D52A61C3B6A63007A440A /* UIButton+AFNetworking.m in Sources */,
				855D527A1C3B6A63007A440A /* AFHTTPSessionManager.m in Sources */,
				855D52831C3B6A63007A440A /* DJRefresh.m in Sources */,
				855D52A81C3B6A63007A440A /* UIProgressView+AFNetworking.m in Sources */,
				855D52A71C3B6A63007A440A /* UIImageView+AFNetworking.m in Sources */,
				855D527E1C3B6A63007A440A /* AFURLRequestSerialization.m in Sources */,
				961BB5B91C391266004D1805 /* DownloadViewController.m in Sources */,
				855D529F1C3B6A63007A440A /* UIImage+WebP.m in Sources */,
				855D52801C3B6A63007A440A /* AFURLSessionManager.m in Sources */,
				855D52991C3B6A63007A440A /* SDWebImageDownloaderOperation.m in Sources */,
				855D52891C3B6A63007A440A /* MASConstraint.m in Sources */,
				855D52931C3B6A63007A440A /* MKAnnotationView+WebCache.m in Sources */,
				855D52861C3B6A63007A440A /* DJRefreshView.m in Sources */,
				855D52AA1C3B6A63007A440A /* UIWebView+AFNetworking.m in Sources */,
				855D528D1C3B6A63007A440A /* MASViewConstraint.m in Sources */,
				855D52A91C3B6A63007A440A /* UIRefreshControl+AFNetworking.m in Sources */,
				855D52A01C3B6A63007A440A /* UIImageView+HighlightedWebCache.m in Sources */,
				855D52901C3B6A63007A440A /* View+MASAdditions.m in Sources */,
				855D528A1C3B6A63007A440A /* MASConstraintMaker.m in Sources */,
				961BB5BF1C3912BF004D1805 /* CustomViewController.m in Sources */,
				855D52881C3B6A63007A440A /* MASCompositeConstraint.m in Sources */,
				855D52811C3B6A63007A440A /* UIImage+Color.m in Sources */,
				855D52A11C3B6A63007A440A /* UIImageView+WebCache.m in Sources */,
				855D52851C3B6A63007A440A /* DJRefreshTopView.m in Sources */,
				855D52A21C3B6A63007A440A /* UIView+WebCacheOperation.m in Sources */,
				855D52791C3B6A63007A440A /* AFHTTPRequestOperationManager.m in Sources */,
				855D52AE1C3B80FF007A440A /* FindListeningListCell.m in Sources */,
				855D52AB1C3B6A63007A440A /* UIScrollView+BottomRefreshControl.m in Sources */,
				855D528F1C3B6A63007A440A /* NSLayoutConstraint+MASDebugAdditions.m in Sources */,
				961C7BC21C3927A900A59D5F /* MoreTableViewCell.m in Sources */,
				855D527F1C3B6A63007A440A /* AFURLResponseSerialization.m in Sources */,
				961BB5691C390F59004D1805 /* AppDelegate.m in Sources */,
				855D52981C3B6A63007A440A /* SDWebImageDownloader.m in Sources */,
				961BB5661C390F59004D1805 /* main.m in Sources */,
				855D529D1C3B6A63007A440A /* UIImage+GIF.m in Sources */,
				855D528B1C3B6A63007A440A /* MASLayoutConstraint.m in Sources */,
				855D52951C3B6A63007A440A /* SDImageCache.m in Sources */,
				855D52941C3B6A63007A440A /* NSData+ImageContentType.m in Sources */,
				961BB5B61C391258004D1805 /* PlayViewController.m in Sources */,
				855D52A51C3B6A63007A440A /* UIAlertView+AFNetworking.m in Sources */,
				855D529B1C3B6A63007A440A /* SDWebImagePrefetcher.m in Sources */,
				854087F91C3BB36B00492985 /* ClassifyTableViewCell.m in Sources */,
				855D52A31C3B6A63007A440A /* AFNetworkActivityIndicatorManager.m in Sources */,
				855D529E1C3B6A63007A440A /* UIImage+MultiFormat.m in Sources */,
				961BB5B01C391153004D1805 /* FindViewController.m in Sources */,
				855D52871C3B6A63007A440A /* LocationMgr.m in Sources */,
			);
			runOnlyForDeploymentPostprocessing = 0;
		};
		961BB5761C390F59004D1805 /* Sources */ = {
			isa = PBXSourcesBuildPhase;
			buildActionMask = 2147483647;
			files = (
				961BB57F1C390F59004D1805 /* RedioProjectTests.m in Sources */,
			);
			runOnlyForDeploymentPostprocessing = 0;
		};
		961BB5811C390F59004D1805 /* Sources */ = {
			isa = PBXSourcesBuildPhase;
			buildActionMask = 2147483647;
			files = (
				961BB58A1C390F59004D1805 /* RedioProjectUITests.m in Sources */,
			);
			runOnlyForDeploymentPostprocessing = 0;
		};
/* End PBXSourcesBuildPhase section */

/* Begin PBXTargetDependency section */
		961BB57C1C390F59004D1805 /* PBXTargetDependency */ = {
			isa = PBXTargetDependency;
			target = 961BB5601C390F59004D1805 /* RedioProject */;
			targetProxy = 961BB57B1C390F59004D1805 /* PBXContainerItemProxy */;
		};
		961BB5871C390F59004D1805 /* PBXTargetDependency */ = {
			isa = PBXTargetDependency;
			target = 961BB5601C390F59004D1805 /* RedioProject */;
			targetProxy = 961BB5861C390F59004D1805 /* PBXContainerItemProxy */;
		};
/* End PBXTargetDependency section */

/* Begin PBXVariantGroup section */
		961BB56D1C390F59004D1805 /* Main.storyboard */ = {
			isa = PBXVariantGroup;
			children = (
				961BB56E1C390F59004D1805 /* Base */,
			);
			name = Main.storyboard;
			sourceTree = "<group>";
		};
		961BB5721C390F59004D1805 /* LaunchScreen.storyboard */ = {
			isa = PBXVariantGroup;
			children = (
				961BB5731C390F59004D1805 /* Base */,
			);
			name = LaunchScreen.storyboard;
			sourceTree = "<group>";
		};
/* End PBXVariantGroup section */

/* Begin XCBuildConfiguration section */
		961BB58C1C390F59004D1805 /* Debug */ = {
			isa = XCBuildConfiguration;
			buildSettings = {
				ALWAYS_SEARCH_USER_PATHS = NO;
				CLANG_CXX_LANGUAGE_STANDARD = "gnu++0x";
				CLANG_CXX_LIBRARY = "libc++";
				CLANG_ENABLE_MODULES = YES;
				CLANG_ENABLE_OBJC_ARC = YES;
				CLANG_WARN_BOOL_CONVERSION = YES;
				CLANG_WARN_CONSTANT_CONVERSION = YES;
				CLANG_WARN_DIRECT_OBJC_ISA_USAGE = YES_ERROR;
				CLANG_WARN_EMPTY_BODY = YES;
				CLANG_WARN_ENUM_CONVERSION = YES;
				CLANG_WARN_INT_CONVERSION = YES;
				CLANG_WARN_OBJC_ROOT_CLASS = YES_ERROR;
				CLANG_WARN_UNREACHABLE_CODE = YES;
				CLANG_WARN__DUPLICATE_METHOD_MATCH = YES;
				"CODE_SIGN_IDENTITY[sdk=iphoneos*]" = "iPhone Developer";
				COPY_PHASE_STRIP = NO;
				DEBUG_INFORMATION_FORMAT = dwarf;
				ENABLE_STRICT_OBJC_MSGSEND = YES;
				ENABLE_TESTABILITY = YES;
				GCC_C_LANGUAGE_STANDARD = gnu99;
				GCC_DYNAMIC_NO_PIC = NO;
				GCC_NO_COMMON_BLOCKS = YES;
				GCC_OPTIMIZATION_LEVEL = 0;
				GCC_PREPROCESSOR_DEFINITIONS = (
					"DEBUG=1",
					"$(inherited)",
				);
				GCC_WARN_64_TO_32_BIT_CONVERSION = YES;
				GCC_WARN_ABOUT_RETURN_TYPE = YES_ERROR;
				GCC_WARN_UNDECLARED_SELECTOR = YES;
				GCC_WARN_UNINITIALIZED_AUTOS = YES_AGGRESSIVE;
				GCC_WARN_UNUSED_FUNCTION = YES;
				GCC_WARN_UNUSED_VARIABLE = YES;
				IPHONEOS_DEPLOYMENT_TARGET = 9.2;
				MTL_ENABLE_DEBUG_INFO = YES;
				ONLY_ACTIVE_ARCH = YES;
				SDKROOT = iphoneos;
				TARGETED_DEVICE_FAMILY = "1,2";
			};
			name = Debug;
		};
		961BB58D1C390F59004D1805 /* Release */ = {
			isa = XCBuildConfiguration;
			buildSettings = {
				ALWAYS_SEARCH_USER_PATHS = NO;
				CLANG_CXX_LANGUAGE_STANDARD = "gnu++0x";
				CLANG_CXX_LIBRARY = "libc++";
				CLANG_ENABLE_MODULES = YES;
				CLANG_ENABLE_OBJC_ARC = YES;
				CLANG_WARN_BOOL_CONVERSION = YES;
				CLANG_WARN_CONSTANT_CONVERSION = YES;
				CLANG_WARN_DIRECT_OBJC_ISA_USAGE = YES_ERROR;
				CLANG_WARN_EMPTY_BODY = YES;
				CLANG_WARN_ENUM_CONVERSION = YES;
				CLANG_WARN_INT_CONVERSION = YES;
				CLANG_WARN_OBJC_ROOT_CLASS = YES_ERROR;
				CLANG_WARN_UNREACHABLE_CODE = YES;
				CLANG_WARN__DUPLICATE_METHOD_MATCH = YES;
				"CODE_SIGN_IDENTITY[sdk=iphoneos*]" = "iPhone Developer";
				COPY_PHASE_STRIP = NO;
				DEBUG_INFORMATION_FORMAT = "dwarf-with-dsym";
				ENABLE_NS_ASSERTIONS = NO;
				ENABLE_STRICT_OBJC_MSGSEND = YES;
				GCC_C_LANGUAGE_STANDARD = gnu99;
				GCC_NO_COMMON_BLOCKS = YES;
				GCC_WARN_64_TO_32_BIT_CONVERSION = YES;
				GCC_WARN_ABOUT_RETURN_TYPE = YES_ERROR;
				GCC_WARN_UNDECLARED_SELECTOR = YES;
				GCC_WARN_UNINITIALIZED_AUTOS = YES_AGGRESSIVE;
				GCC_WARN_UNUSED_FUNCTION = YES;
				GCC_WARN_UNUSED_VARIABLE = YES;
				IPHONEOS_DEPLOYMENT_TARGET = 9.2;
				MTL_ENABLE_DEBUG_INFO = NO;
				SDKROOT = iphoneos;
				TARGETED_DEVICE_FAMILY = "1,2";
				VALIDATE_PRODUCT = YES;
			};
			name = Release;
		};
		961BB58F1C390F59004D1805 /* Debug */ = {
			isa = XCBuildConfiguration;
			buildSettings = {
				ASSETCATALOG_COMPILER_APPICON_NAME = AppIcon;
				CODE_SIGN_IDENTITY = "iPhone Developer";
				INFOPLIST_FILE = RedioProject/Info.plist;
				IPHONEOS_DEPLOYMENT_TARGET = 8.2;
				LD_RUNPATH_SEARCH_PATHS = "$(inherited) @executable_path/Frameworks";
				PRODUCT_BUNDLE_IDENTIFIER = ha.RedioProject;
				PRODUCT_NAME = "$(TARGET_NAME)";
			};
			name = Debug;
		};
		961BB5901C390F59004D1805 /* Release */ = {
			isa = XCBuildConfiguration;
			buildSettings = {
				ASSETCATALOG_COMPILER_APPICON_NAME = AppIcon;
				CODE_SIGN_IDENTITY = "iPhone Developer";
				INFOPLIST_FILE = RedioProject/Info.plist;
				IPHONEOS_DEPLOYMENT_TARGET = 8.2;
				LD_RUNPATH_SEARCH_PATHS = "$(inherited) @executable_path/Frameworks";
				PRODUCT_BUNDLE_IDENTIFIER = ha.RedioProject;
				PRODUCT_NAME = "$(TARGET_NAME)";
			};
			name = Release;
		};
		961BB5921C390F59004D1805 /* Debug */ = {
			isa = XCBuildConfiguration;
			buildSettings = {
				BUNDLE_LOADER = "$(TEST_HOST)";
				INFOPLIST_FILE = RedioProjectTests/Info.plist;
				IPHONEOS_DEPLOYMENT_TARGET = 8.2;
				LD_RUNPATH_SEARCH_PATHS = "$(inherited) @executable_path/Frameworks @loader_path/Frameworks";
				PRODUCT_BUNDLE_IDENTIFIER = ha.RedioProjectTests;
				PRODUCT_NAME = "$(TARGET_NAME)";
				TEST_HOST = "$(BUILT_PRODUCTS_DIR)/RedioProject.app/RedioProject";
			};
			name = Debug;
		};
		961BB5931C390F59004D1805 /* Release */ = {
			isa = XCBuildConfiguration;
			buildSettings = {
				BUNDLE_LOADER = "$(TEST_HOST)";
				INFOPLIST_FILE = RedioProjectTests/Info.plist;
				IPHONEOS_DEPLOYMENT_TARGET = 8.2;
				LD_RUNPATH_SEARCH_PATHS = "$(inherited) @executable_path/Frameworks @loader_path/Frameworks";
				PRODUCT_BUNDLE_IDENTIFIER = ha.RedioProjectTests;
				PRODUCT_NAME = "$(TARGET_NAME)";
				TEST_HOST = "$(BUILT_PRODUCTS_DIR)/RedioProject.app/RedioProject";
			};
			name = Release;
		};
		961BB5951C390F59004D1805 /* Debug */ = {
			isa = XCBuildConfiguration;
			buildSettings = {
				INFOPLIST_FILE = RedioProjectUITests/Info.plist;
				IPHONEOS_DEPLOYMENT_TARGET = 8.2;
				LD_RUNPATH_SEARCH_PATHS = "$(inherited) @executable_path/Frameworks @loader_path/Frameworks";
				PRODUCT_BUNDLE_IDENTIFIER = ha.RedioProjectUITests;
				PRODUCT_NAME = "$(TARGET_NAME)";
				TEST_TARGET_NAME = RedioProject;
				USES_XCTRUNNER = YES;
			};
			name = Debug;
		};
		961BB5961C390F59004D1805 /* Release */ = {
			isa = XCBuildConfiguration;
			buildSettings = {
				INFOPLIST_FILE = RedioProjectUITests/Info.plist;
				IPHONEOS_DEPLOYMENT_TARGET = 8.2;
				LD_RUNPATH_SEARCH_PATHS = "$(inherited) @executable_path/Frameworks @loader_path/Frameworks";
				PRODUCT_BUNDLE_IDENTIFIER = ha.RedioProjectUITests;
				PRODUCT_NAME = "$(TARGET_NAME)";
				TEST_TARGET_NAME = RedioProject;
				USES_XCTRUNNER = YES;
			};
			name = Release;
		};
/* End XCBuildConfiguration section */

/* Begin XCConfigurationList section */
		961BB55C1C390F59004D1805 /* Build configuration list for PBXProject "RedioProject" */ = {
			isa = XCConfigurationList;
			buildConfigurations = (
				961BB58C1C390F59004D1805 /* Debug */,
				961BB58D1C390F59004D1805 /* Release */,
			);
			defaultConfigurationIsVisible = 0;
			defaultConfigurationName = Release;
		};
		961BB58E1C390F59004D1805 /* Build configuration list for PBXNativeTarget "RedioProject" */ = {
			isa = XCConfigurationList;
			buildConfigurations = (
				961BB58F1C390F59004D1805 /* Debug */,
				961BB5901C390F59004D1805 /* Release */,
			);
			defaultConfigurationIsVisible = 0;
			defaultConfigurationName = Release;
		};
		961BB5911C390F59004D1805 /* Build configuration list for PBXNativeTarget "RedioProjectTests" */ = {
			isa = XCConfigurationList;
			buildConfigurations = (
				961BB5921C390F59004D1805 /* Debug */,
				961BB5931C390F59004D1805 /* Release */,
			);
			defaultConfigurationIsVisible = 0;
			defaultConfigurationName = Release;
		};
		961BB5941C390F59004D1805 /* Build configuration list for PBXNativeTarget "RedioProjectUITests" */ = {
			isa = XCConfigurationList;
			buildConfigurations = (
				961BB5951C390F59004D1805 /* Debug */,
				961BB5961C390F59004D1805 /* Release */,
			);
			defaultConfigurationIsVisible = 0;
			defaultConfigurationName = Release;
		};
/* End XCConfigurationList section */
	};
	rootObject = 961BB5591C390F59004D1805 /* Project object */;
}
